// !$*UTF8*$!
{
	archiveVersion = 1;
	classes = {
	};
	objectVersion = 60;
	objects = {

/* Begin PBXBuildFile section */
		9509C3972C34F1D6005F5187 /* AppDelegate.swift in Sources */ = {isa = PBXBuildFile; fileRef = 9509C3962C34F1D6005F5187 /* AppDelegate.swift */; };
		9509C3992C34F1D6005F5187 /* SceneDelegate.swift in Sources */ = {isa = PBXBuildFile; fileRef = 9509C3982C34F1D6005F5187 /* SceneDelegate.swift */; };
		9509C3A02C34F1D8005F5187 /* Assets.xcassets in Resources */ = {isa = PBXBuildFile; fileRef = 9509C39F2C34F1D8005F5187 /* Assets.xcassets */; };
		9509C3A32C34F1D8005F5187 /* LaunchScreen.storyboard in Resources */ = {isa = PBXBuildFile; fileRef = 9509C3A12C34F1D8005F5187 /* LaunchScreen.storyboard */; };
		9509C3AC2C34F470005F5187 /* AVPlayerWrapper in Frameworks */ = {isa = PBXBuildFile; productRef = 9509C3AB2C34F470005F5187 /* AVPlayerWrapper */; };
		9554AAF32C390128008858C2 /* PlaylistViewModel.swift in Sources */ = {isa = PBXBuildFile; fileRef = 9554AAF22C390128008858C2 /* PlaylistViewModel.swift */; };
		9554AAF52C39012F008858C2 /* PlaylistViewController.swift in Sources */ = {isa = PBXBuildFile; fileRef = 9554AAF42C39012F008858C2 /* PlaylistViewController.swift */; };
		9554AAF82C3902A7008858C2 /* ExamplesListViewModel.swift in Sources */ = {isa = PBXBuildFile; fileRef = 9554AAF72C3902A7008858C2 /* ExamplesListViewModel.swift */; };
		9554AAFA2C3902AC008858C2 /* ExamplesListViewController.swift in Sources */ = {isa = PBXBuildFile; fileRef = 9554AAF92C3902AC008858C2 /* ExamplesListViewController.swift */; };
		9554AAFE2C3902FA008858C2 /* ExampleType.swift in Sources */ = {isa = PBXBuildFile; fileRef = 9554AAFD2C3902FA008858C2 /* ExampleType.swift */; };
/* End PBXBuildFile section */

/* Begin PBXFileReference section */
		9509C3932C34F1D6005F5187 /* AVPlayerWrapperExample.app */ = {isa = PBXFileReference; explicitFileType = wrapper.application; includeInIndex = 0; path = AVPlayerWrapperExample.app; sourceTree = BUILT_PRODUCTS_DIR; };
		9509C3962C34F1D6005F5187 /* AppDelegate.swift */ = {isa = PBXFileReference; lastKnownFileType = sourcecode.swift; path = AppDelegate.swift; sourceTree = "<group>"; };
		9509C3982C34F1D6005F5187 /* SceneDelegate.swift */ = {isa = PBXFileReference; lastKnownFileType = sourcecode.swift; path = SceneDelegate.swift; sourceTree = "<group>"; };
		9509C39F2C34F1D8005F5187 /* Assets.xcassets */ = {isa = PBXFileReference; lastKnownFileType = folder.assetcatalog; path = Assets.xcassets; sourceTree = "<group>"; };
		9509C3A22C34F1D8005F5187 /* Base */ = {isa = PBXFileReference; lastKnownFileType = file.storyboard; name = Base; path = Base.lproj/LaunchScreen.storyboard; sourceTree = "<group>"; };
		9509C3A42C34F1D8005F5187 /* Info.plist */ = {isa = PBXFileReference; lastKnownFileType = text.plist.xml; path = Info.plist; sourceTree = "<group>"; };
		9554AAF22C390128008858C2 /* PlaylistViewModel.swift */ = {isa = PBXFileReference; lastKnownFileType = sourcecode.swift; path = PlaylistViewModel.swift; sourceTree = "<group>"; };
		9554AAF42C39012F008858C2 /* PlaylistViewController.swift */ = {isa = PBXFileReference; lastKnownFileType = sourcecode.swift; path = PlaylistViewController.swift; sourceTree = "<group>"; };
		9554AAF72C3902A7008858C2 /* ExamplesListViewModel.swift */ = {isa = PBXFileReference; lastKnownFileType = sourcecode.swift; path = ExamplesListViewModel.swift; sourceTree = "<group>"; };
		9554AAF92C3902AC008858C2 /* ExamplesListViewController.swift */ = {isa = PBXFileReference; lastKnownFileType = sourcecode.swift; path = ExamplesListViewController.swift; sourceTree = "<group>"; };
		9554AAFD2C3902FA008858C2 /* ExampleType.swift */ = {isa = PBXFileReference; lastKnownFileType = sourcecode.swift; path = ExampleType.swift; sourceTree = "<group>"; };
/* End PBXFileReference section */

/* Begin PBXFrameworksBuildPhase section */
		9509C3902C34F1D6005F5187 /* Frameworks */ = {
			isa = PBXFrameworksBuildPhase;
			buildActionMask = 2147483647;
			files = (
				9509C3AC2C34F470005F5187 /* AVPlayerWrapper in Frameworks */,
			);
			runOnlyForDeploymentPostprocessing = 0;
		};
/* End PBXFrameworksBuildPhase section */

/* Begin PBXGroup section */
		9509C38A2C34F1D6005F5187 = {
			isa = PBXGroup;
			children = (
				9509C3952C34F1D6005F5187 /* AVPlayerWrapperExample */,
				9509C3942C34F1D6005F5187 /* Products */,
			);
			sourceTree = "<group>";
		};
		9509C3942C34F1D6005F5187 /* Products */ = {
			isa = PBXGroup;
			children = (
				9509C3932C34F1D6005F5187 /* AVPlayerWrapperExample.app */,
			);
			name = Products;
			sourceTree = "<group>";
		};
		9509C3952C34F1D6005F5187 /* AVPlayerWrapperExample */ = {
			isa = PBXGroup;
			children = (
				9554AAFB2C3902B9008858C2 /* Application */,
				9554AAFC2C3902EC008858C2 /* Data */,
				9554AAF02C390115008858C2 /* Presentation */,
				9509C3A42C34F1D8005F5187 /* Info.plist */,
			);
			path = AVPlayerWrapperExample;
			sourceTree = "<group>";
		};
		9554AAF02C390115008858C2 /* Presentation */ = {
			isa = PBXGroup;
			children = (
				9554AAF62C390299008858C2 /* ExamplesList */,
				9554AAF12C39011C008858C2 /* Playlist */,
			);
			path = Presentation;
			sourceTree = "<group>";
		};
		9554AAF12C39011C008858C2 /* Playlist */ = {
			isa = PBXGroup;
			children = (
				9554AAF22C390128008858C2 /* PlaylistViewModel.swift */,
				9554AAF42C39012F008858C2 /* PlaylistViewController.swift */,
			);
			path = Playlist;
			sourceTree = "<group>";
		};
		9554AAF62C390299008858C2 /* ExamplesList */ = {
			isa = PBXGroup;
			children = (
				9554AAF72C3902A7008858C2 /* ExamplesListViewModel.swift */,
				9554AAF92C3902AC008858C2 /* ExamplesListViewController.swift */,
			);
			path = ExamplesList;
			sourceTree = "<group>";
		};
		9554AAFB2C3902B9008858C2 /* Application */ = {
			isa = PBXGroup;
			children = (
				9509C3962C34F1D6005F5187 /* AppDelegate.swift */,
				9509C3982C34F1D6005F5187 /* SceneDelegate.swift */,
				9509C39F2C34F1D8005F5187 /* Assets.xcassets */,
				9509C3A12C34F1D8005F5187 /* LaunchScreen.storyboard */,
			);
			path = Application;
			sourceTree = "<group>";
		};
		9554AAFC2C3902EC008858C2 /* Data */ = {
			isa = PBXGroup;
			children = (
				9554AAFD2C3902FA008858C2 /* ExampleType.swift */,
			);
			path = Data;
			sourceTree = "<group>";
		};
/* End PBXGroup section */

/* Begin PBXNativeTarget section */
		9509C3922C34F1D6005F5187 /* AVPlayerWrapperExample */ = {
			isa = PBXNativeTarget;
			buildConfigurationList = 9509C3A72C34F1D8005F5187 /* Build configuration list for PBXNativeTarget "AVPlayerWrapperExample" */;
			buildPhases = (
				9509C38F2C34F1D6005F5187 /* Sources */,
				9509C3902C34F1D6005F5187 /* Frameworks */,
				9509C3912C34F1D6005F5187 /* Resources */,
			);
			buildRules = (
			);
			dependencies = (
			);
			name = AVPlayerWrapperExample;
			packageProductDependencies = (
				9509C3AB2C34F470005F5187 /* AVPlayerWrapper */,
			);
			productName = AVPlayerWrapperExample;
			productReference = 9509C3932C34F1D6005F5187 /* AVPlayerWrapperExample.app */;
			productType = "com.apple.product-type.application";
		};
/* End PBXNativeTarget section */

/* Begin PBXProject section */
		9509C38B2C34F1D6005F5187 /* Project object */ = {
			isa = PBXProject;
			attributes = {
				BuildIndependentTargetsInParallel = 1;
				LastSwiftUpdateCheck = 1520;
				LastUpgradeCheck = 1520;
				TargetAttributes = {
					9509C3922C34F1D6005F5187 = {
						CreatedOnToolsVersion = 15.2;
					};
				};
			};
			buildConfigurationList = 9509C38E2C34F1D6005F5187 /* Build configuration list for PBXProject "AVPlayerWrapperExample" */;
			compatibilityVersion = "Xcode 14.0";
			developmentRegion = en;
			hasScannedForEncodings = 0;
			knownRegions = (
				en,
				Base,
			);
			mainGroup = 9509C38A2C34F1D6005F5187;
			packageReferences = (
				9509C3AA2C34F470005F5187 /* XCLocalSwiftPackageReference ".." */,
			);
			productRefGroup = 9509C3942C34F1D6005F5187 /* Products */;
			projectDirPath = "";
			projectRoot = "";
			targets = (
				9509C3922C34F1D6005F5187 /* AVPlayerWrapperExample */,
			);
		};
/* End PBXProject section */

/* Begin PBXResourcesBuildPhase section */
		9509C3912C34F1D6005F5187 /* Resources */ = {
			isa = PBXResourcesBuildPhase;
			buildActionMask = 2147483647;
			files = (
				9509C3A32C34F1D8005F5187 /* LaunchScreen.storyboard in Resources */,
				9509C3A02C34F1D8005F5187 /* Assets.xcassets in Resources */,
			);
			runOnlyForDeploymentPostprocessing = 0;
		};
/* End PBXResourcesBuildPhase section */

/* Begin PBXSourcesBuildPhase section */
		9509C38F2C34F1D6005F5187 /* Sources */ = {
			isa = PBXSourcesBuildPhase;
			buildActionMask = 2147483647;
			files = (
				9554AAFE2C3902FA008858C2 /* ExampleType.swift in Sources */,
				9554AAF32C390128008858C2 /* PlaylistViewModel.swift in Sources */,
				9554AAF82C3902A7008858C2 /* ExamplesListViewModel.swift in Sources */,
				9554AAF52C39012F008858C2 /* PlaylistViewController.swift in Sources */,
				9554AAFA2C3902AC008858C2 /* ExamplesListViewController.swift in Sources */,
				9509C3972C34F1D6005F5187 /* AppDelegate.swift in Sources */,
				9509C3992C34F1D6005F5187 /* SceneDelegate.swift in Sources */,
			);
			runOnlyForDeploymentPostprocessing = 0;
		};
/* End PBXSourcesBuildPhase section */

/* Begin PBXVariantGroup section */
		9509C3A12C34F1D8005F5187 /* LaunchScreen.storyboard */ = {
			isa = PBXVariantGroup;
			children = (
				9509C3A22C34F1D8005F5187 /* Base */,
			);
			name = LaunchScreen.storyboard;
			sourceTree = "<group>";
		};
/* End PBXVariantGroup section */

/* Begin XCBuildConfiguration section */
		9509C3A52C34F1D8005F5187 /* Debug */ = {
			isa = XCBuildConfiguration;
			buildSettings = {
				ALWAYS_SEARCH_USER_PATHS = NO;
				ASSETCATALOG_COMPILER_GENERATE_SWIFT_ASSET_SYMBOL_EXTENSIONS = YES;
				CLANG_ANALYZER_NONNULL = YES;
				CLANG_ANALYZER_NUMBER_OBJECT_CONVERSION = YES_AGGRESSIVE;
				CLANG_CXX_LANGUAGE_STANDARD = "gnu++20";
				CLANG_ENABLE_MODULES = YES;
				CLANG_ENABLE_OBJC_ARC = YES;
				CLANG_ENABLE_OBJC_WEAK = YES;
				CLANG_WARN_BLOCK_CAPTURE_AUTORELEASING = YES;
				CLANG_WARN_BOOL_CONVERSION = YES;
				CLANG_WARN_COMMA = YES;
				CLANG_WARN_CONSTANT_CONVERSION = YES;
				CLANG_WARN_DEPRECATED_OBJC_IMPLEMENTATIONS = YES;
				CLANG_WARN_DIRECT_OBJC_ISA_USAGE = YES_ERROR;
				CLANG_WARN_DOCUMENTATION_COMMENTS = YES;
				CLANG_WARN_EMPTY_BODY = YES;
				CLANG_WARN_ENUM_CONVERSION = YES;
				CLANG_WARN_INFINITE_RECURSION = YES;
				CLANG_WARN_INT_CONVERSION = YES;
				CLANG_WARN_NON_LITERAL_NULL_CONVERSION = YES;
				CLANG_WARN_OBJC_IMPLICIT_RETAIN_SELF = YES;
				CLANG_WARN_OBJC_LITERAL_CONVERSION = YES;
				CLANG_WARN_OBJC_ROOT_CLASS = YES_ERROR;
				CLANG_WARN_QUOTED_INCLUDE_IN_FRAMEWORK_HEADER = YES;
				CLANG_WARN_RANGE_LOOP_ANALYSIS = YES;
				CLANG_WARN_STRICT_PROTOTYPES = YES;
				CLANG_WARN_SUSPICIOUS_MOVE = YES;
				CLANG_WARN_UNGUARDED_AVAILABILITY = YES_AGGRESSIVE;
				CLANG_WARN_UNREACHABLE_CODE = YES;
				CLANG_WARN__DUPLICATE_METHOD_MATCH = YES;
				COPY_PHASE_STRIP = NO;
				DEBUG_INFORMATION_FORMAT = dwarf;
				ENABLE_STRICT_OBJC_MSGSEND = YES;
				ENABLE_TESTABILITY = YES;
				ENABLE_USER_SCRIPT_SANDBOXING = YES;
				GCC_C_LANGUAGE_STANDARD = gnu17;
				GCC_DYNAMIC_NO_PIC = NO;
				GCC_NO_COMMON_BLOCKS = YES;
				GCC_OPTIMIZATION_LEVEL = 0;
				GCC_PREPROCESSOR_DEFINITIONS = (
					"DEBUG=1",
					"$(inherited)",
				);
				GCC_WARN_64_TO_32_BIT_CONVERSION = YES;
				GCC_WARN_ABOUT_RETURN_TYPE = YES_ERROR;
				GCC_WARN_UNDECLARED_SELECTOR = YES;
				GCC_WARN_UNINITIALIZED_AUTOS = YES_AGGRESSIVE;
				GCC_WARN_UNUSED_FUNCTION = YES;
				GCC_WARN_UNUSED_VARIABLE = YES;
				IPHONEOS_DEPLOYMENT_TARGET = 17.2;
				LOCALIZATION_PREFERS_STRING_CATALOGS = YES;
				MTL_ENABLE_DEBUG_INFO = INCLUDE_SOURCE;
				MTL_FAST_MATH = YES;
				ONLY_ACTIVE_ARCH = YES;
				SDKROOT = iphoneos;
				SWIFT_ACTIVE_COMPILATION_CONDITIONS = "DEBUG $(inherited)";
				SWIFT_OPTIMIZATION_LEVEL = "-Onone";
			};
			name = Debug;
		};
		9509C3A62C34F1D8005F5187 /* Release */ = {
			isa = XCBuildConfiguration;
			buildSettings = {
				ALWAYS_SEARCH_USER_PATHS = NO;
				ASSETCATALOG_COMPILER_GENERATE_SWIFT_ASSET_SYMBOL_EXTENSIONS = YES;
				CLANG_ANALYZER_NONNULL = YES;
				CLANG_ANALYZER_NUMBER_OBJECT_CONVERSION = YES_AGGRESSIVE;
				CLANG_CXX_LANGUAGE_STANDARD = "gnu++20";
				CLANG_ENABLE_MODULES = YES;
				CLANG_ENABLE_OBJC_ARC = YES;
				CLANG_ENABLE_OBJC_WEAK = YES;
				CLANG_WARN_BLOCK_CAPTURE_AUTORELEASING = YES;
				CLANG_WARN_BOOL_CONVERSION = YES;
				CLANG_WARN_COMMA = YES;
				CLANG_WARN_CONSTANT_CONVERSION = YES;
				CLANG_WARN_DEPRECATED_OBJC_IMPLEMENTATIONS = YES;
				CLANG_WARN_DIRECT_OBJC_ISA_USAGE = YES_ERROR;
				CLANG_WARN_DOCUMENTATION_COMMENTS = YES;
				CLANG_WARN_EMPTY_BODY = YES;
				CLANG_WARN_ENUM_CONVERSION = YES;
				CLANG_WARN_INFINITE_RECURSION = YES;
				CLANG_WARN_INT_CONVERSION = YES;
				CLANG_WARN_NON_LITERAL_NULL_CONVERSION = YES;
				CLANG_WARN_OBJC_IMPLICIT_RETAIN_SELF = YES;
				CLANG_WARN_OBJC_LITERAL_CONVERSION = YES;
				CLANG_WARN_OBJC_ROOT_CLASS = YES_ERROR;
				CLANG_WARN_QUOTED_INCLUDE_IN_FRAMEWORK_HEADER = YES;
				CLANG_WARN_RANGE_LOOP_ANALYSIS = YES;
				CLANG_WARN_STRICT_PROTOTYPES = YES;
				CLANG_WARN_SUSPICIOUS_MOVE = YES;
				CLANG_WARN_UNGUARDED_AVAILABILITY = YES_AGGRESSIVE;
				CLANG_WARN_UNREACHABLE_CODE = YES;
				CLANG_WARN__DUPLICATE_METHOD_MATCH = YES;
				COPY_PHASE_STRIP = NO;
				DEBUG_INFORMATION_FORMAT = "dwarf-with-dsym";
				ENABLE_NS_ASSERTIONS = NO;
				ENABLE_STRICT_OBJC_MSGSEND = YES;
				ENABLE_USER_SCRIPT_SANDBOXING = YES;
				GCC_C_LANGUAGE_STANDARD = gnu17;
				GCC_NO_COMMON_BLOCKS = YES;
				GCC_WARN_64_TO_32_BIT_CONVERSION = YES;
				GCC_WARN_ABOUT_RETURN_TYPE = YES_ERROR;
				GCC_WARN_UNDECLARED_SELECTOR = YES;
				GCC_WARN_UNINITIALIZED_AUTOS = YES_AGGRESSIVE;
				GCC_WARN_UNUSED_FUNCTION = YES;
				GCC_WARN_UNUSED_VARIABLE = YES;
				IPHONEOS_DEPLOYMENT_TARGET = 17.2;
				LOCALIZATION_PREFERS_STRING_CATALOGS = YES;
				MTL_ENABLE_DEBUG_INFO = NO;
				MTL_FAST_MATH = YES;
				SDKROOT = iphoneos;
				SWIFT_COMPILATION_MODE = wholemodule;
				VALIDATE_PRODUCT = YES;
			};
			name = Release;
		};
		9509C3A82C34F1D8005F5187 /* Debug */ = {
			isa = XCBuildConfiguration;
			buildSettings = {
				ASSETCATALOG_COMPILER_APPICON_NAME = AppIcon;
				ASSETCATALOG_COMPILER_GLOBAL_ACCENT_COLOR_NAME = AccentColor;
				CODE_SIGN_STYLE = Automatic;
				CURRENT_PROJECT_VERSION = 1;
				DEVELOPMENT_TEAM = CVFSZXK7VF;
				GENERATE_INFOPLIST_FILE = YES;
				INFOPLIST_FILE = AVPlayerWrapperExample/Info.plist;
				INFOPLIST_KEY_UIApplicationSupportsIndirectInputEvents = YES;
				INFOPLIST_KEY_UILaunchStoryboardName = LaunchScreen;
				INFOPLIST_KEY_UISupportedInterfaceOrientations_iPad = "UIInterfaceOrientationPortrait UIInterfaceOrientationPortraitUpsideDown UIInterfaceOrientationLandscapeLeft UIInterfaceOrientationLandscapeRight";
				INFOPLIST_KEY_UISupportedInterfaceOrientations_iPhone = "UIInterfaceOrientationPortrait UIInterfaceOrientationLandscapeLeft UIInterfaceOrientationLandscapeRight";
				IPHONEOS_DEPLOYMENT_TARGET = 13.0;
				LD_RUNPATH_SEARCH_PATHS = (
					"$(inherited)",
					"@executable_path/Frameworks",
				);
				MARKETING_VERSION = 1.0;
				PRODUCT_BUNDLE_IDENTIFIER = com.moslienko.AVPlayerWrapperExample;
				PRODUCT_NAME = "$(TARGET_NAME)";
				SWIFT_EMIT_LOC_STRINGS = YES;
				SWIFT_VERSION = 5.0;
				TARGETED_DEVICE_FAMILY = "1,2";
			};
			name = Debug;
		};
		9509C3A92C34F1D8005F5187 /* Release */ = {
			isa = XCBuildConfiguration;
			buildSettings = {
				ASSETCATALOG_COMPILER_APPICON_NAME = AppIcon;
				ASSETCATALOG_COMPILER_GLOBAL_ACCENT_COLOR_NAME = AccentColor;
				CODE_SIGN_STYLE = Automatic;
				CURRENT_PROJECT_VERSION = 1;
				DEVELOPMENT_TEAM = CVFSZXK7VF;
				GENERATE_INFOPLIST_FILE = YES;
				INFOPLIST_FILE = AVPlayerWrapperExample/Info.plist;
				INFOPLIST_KEY_UIApplicationSupportsIndirectInputEvents = YES;
				INFOPLIST_KEY_UILaunchStoryboardName = LaunchScreen;
				INFOPLIST_KEY_UISupportedInterfaceOrientations_iPad = "UIInterfaceOrientationPortrait UIInterfaceOrientationPortraitUpsideDown UIInterfaceOrientationLandscapeLeft UIInterfaceOrientationLandscapeRight";
				INFOPLIST_KEY_UISupportedInterfaceOrientations_iPhone = "UIInterfaceOrientationPortrait UIInterfaceOrientationLandscapeLeft UIInterfaceOrientationLandscapeRight";
				IPHONEOS_DEPLOYMENT_TARGET = 13.0;
				LD_RUNPATH_SEARCH_PATHS = (
					"$(inherited)",
					"@executable_path/Frameworks",
				);
				MARKETING_VERSION = 1.0;
				PRODUCT_BUNDLE_IDENTIFIER = com.moslienko.AVPlayerWrapperExample;
				PRODUCT_NAME = "$(TARGET_NAME)";
				SWIFT_EMIT_LOC_STRINGS = YES;
				SWIFT_VERSION = 5.0;
				TARGETED_DEVICE_FAMILY = "1,2";
			};
			name = Release;
		};
/* End XCBuildConfiguration section */

/* Begin XCConfigurationList section */
		9509C38E2C34F1D6005F5187 /* Build configuration list for PBXProject "AVPlayerWrapperExample" */ = {
			isa = XCConfigurationList;
			buildConfigurations = (
				9509C3A52C34F1D8005F5187 /* Debug */,
				9509C3A62C34F1D8005F5187 /* Release */,
			);
			defaultConfigurationIsVisible = 0;
			defaultConfigurationName = Release;
		};
		9509C3A72C34F1D8005F5187 /* Build configuration list for PBXNativeTarget "AVPlayerWrapperExample" */ = {
			isa = XCConfigurationList;
			buildConfigurations = (
				9509C3A82C34F1D8005F5187 /* Debug */,
				9509C3A92C34F1D8005F5187 /* Release */,
			);
			defaultConfigurationIsVisible = 0;
			defaultConfigurationName = Release;
		};
/* End XCConfigurationList section */

/* Begin XCLocalSwiftPackageReference section */
		9509C3AA2C34F470005F5187 /* XCLocalSwiftPackageReference ".." */ = {
			isa = XCLocalSwiftPackageReference;
			relativePath = ..;
		};
/* End XCLocalSwiftPackageReference section */

/* Begin XCSwiftPackageProductDependency section */
		9509C3AB2C34F470005F5187 /* AVPlayerWrapper */ = {
			isa = XCSwiftPackageProductDependency;
			productName = AVPlayerWrapper;
		};
/* End XCSwiftPackageProductDependency section */
	};
	rootObject = 9509C38B2C34F1D6005F5187 /* Project object */;
}
