{
  "pins" : [
    {
      "identity" : "appviewutilits",
      "kind" : "remoteSourceControl",
      "location" : "https://github.com/moslienko/AppViewUtilits.git",
      "state" : {
        "revision" : "06b53fdc633fd10a55857f38e813b213b8fd6d43",
        "version" : "1.3.1"
      }
    }
  ],
  "version" : 2
}
